// !$*UTF8*$!
{
	archiveVersion = 1;
	classes = {
	};
	objectVersion = 46;
	objects = {

/* Begin PBXBuildFile section */
		F203A6DF1ACA3D3800D77774 /* main.m in Sources */ = {isa = PBXBuildFile; fileRef = F203A6DE1ACA3D3800D77774 /* main.m */; };
		F203A6E21ACA3D3800D77774 /* AppDelegate.m in Sources */ = {isa = PBXBuildFile; fileRef = F203A6E11ACA3D3800D77774 /* AppDelegate.m */; };
		F203A6E51ACA3D3800D77774 /* ViewController.m in Sources */ = {isa = PBXBuildFile; fileRef = F203A6E41ACA3D3800D77774 /* ViewController.m */; };
		F203A6E81ACA3D3800D77774 /* Main.storyboard in Resources */ = {isa = PBXBuildFile; fileRef = F203A6E61ACA3D3800D77774 /* Main.storyboard */; };
		F203A6EA1ACA3D3800D77774 /* Images.xcassets in Resources */ = {isa = PBXBuildFile; fileRef = F203A6E91ACA3D3800D77774 /* Images.xcassets */; };
		F203A6ED1ACA3D3800D77774 /* LaunchScreen.xib in Resources */ = {isa = PBXBuildFile; fileRef = F203A6EB1ACA3D3800D77774 /* LaunchScreen.xib */; };
		F203A6F91ACA3D3800D77774 /* coffeParseTests.m in Sources */ = {isa = PBXBuildFile; fileRef = F203A6F81ACA3D3800D77774 /* coffeParseTests.m */; };
		F203A7091ACA3D9500D77774 /* Bolts.framework in Frameworks */ = {isa = PBXBuildFile; fileRef = F203A7031ACA3D9500D77774 /* Bolts.framework */; };
		F203A70A1ACA3D9500D77774 /* Parse.framework in Frameworks */ = {isa = PBXBuildFile; fileRef = F203A7041ACA3D9500D77774 /* Parse.framework */; };
		F203A70B1ACA3D9500D77774 /* ParseCrashReporting.framework in Frameworks */ = {isa = PBXBuildFile; fileRef = F203A7051ACA3D9500D77774 /* ParseCrashReporting.framework */; };
		F203A70C1ACA3D9500D77774 /* ParseFacebookUtils.framework in Frameworks */ = {isa = PBXBuildFile; fileRef = F203A7061ACA3D9500D77774 /* ParseFacebookUtils.framework */; };
		F203A70D1ACA3D9500D77774 /* ParseFacebookUtilsV4.framework in Frameworks */ = {isa = PBXBuildFile; fileRef = F203A7071ACA3D9500D77774 /* ParseFacebookUtilsV4.framework */; };
		F203A70E1ACA3D9500D77774 /* ParseUI.framework in Frameworks */ = {isa = PBXBuildFile; fileRef = F203A7081ACA3D9500D77774 /* ParseUI.framework */; };
		F203A7101ACA3DD200D77774 /* AudioToolbox.framework in Frameworks */ = {isa = PBXBuildFile; fileRef = F203A70F1ACA3DD200D77774 /* AudioToolbox.framework */; };
		F203A7121ACA3DDD00D77774 /* CFNetwork.framework in Frameworks */ = {isa = PBXBuildFile; fileRef = F203A7111ACA3DDD00D77774 /* CFNetwork.framework */; };
		F203A7141ACA3DE800D77774 /* CoreGraphics.framework in Frameworks */ = {isa = PBXBuildFile; fileRef = F203A7131ACA3DE800D77774 /* CoreGraphics.framework */; };
		F203A7161ACA3DF300D77774 /* CoreLocation.framework in Frameworks */ = {isa = PBXBuildFile; fileRef = F203A7151ACA3DF300D77774 /* CoreLocation.framework */; };
		F203A7181ACA3DFD00D77774 /* MobileCoreServices.framework in Frameworks */ = {isa = PBXBuildFile; fileRef = F203A7171ACA3DFD00D77774 /* MobileCoreServices.framework */; };
		F203A71A1ACA3E0700D77774 /* QuartzCore.framework in Frameworks */ = {isa = PBXBuildFile; fileRef = F203A7191ACA3E0700D77774 /* QuartzCore.framework */; };
		F203A71C1ACA3E1000D77774 /* Security.framework in Frameworks */ = {isa = PBXBuildFile; fileRef = F203A71B1ACA3E1000D77774 /* Security.framework */; };
		F203A71E1ACA3E1B00D77774 /* StoreKit.framework in Frameworks */ = {isa = PBXBuildFile; fileRef = F203A71D1ACA3E1B00D77774 /* StoreKit.framework */; };
		F203A7201ACA3E2600D77774 /* SystemConfiguration.framework in Frameworks */ = {isa = PBXBuildFile; fileRef = F203A71F1ACA3E2600D77774 /* SystemConfiguration.framework */; };
		F203A7221ACA3E3000D77774 /* libz.dylib in Frameworks */ = {isa = PBXBuildFile; fileRef = F203A7211ACA3E3000D77774 /* libz.dylib */; };
		F203A7241ACA3E3C00D77774 /* libsqlite3.dylib in Frameworks */ = {isa = PBXBuildFile; fileRef = F203A7231ACA3E3C00D77774 /* libsqlite3.dylib */; };
		F203A7271ACA499A00D77774 /* Tabla.m in Sources */ = {isa = PBXBuildFile; fileRef = F203A7261ACA499A00D77774 /* Tabla.m */; };
		F203A72A1ACA4F5200D77774 /* panaderiaCell.m in Sources */ = {isa = PBXBuildFile; fileRef = F203A7291ACA4F5200D77774 /* panaderiaCell.m */; };
/* End PBXBuildFile section */

/* Begin PBXContainerItemProxy section */
		F203A6F31ACA3D3800D77774 /* PBXContainerItemProxy */ = {
			isa = PBXContainerItemProxy;
			containerPortal = F203A6D11ACA3D3800D77774 /* Project object */;
			proxyType = 1;
			remoteGlobalIDString = F203A6D81ACA3D3800D77774;
			remoteInfo = coffeParse;
		};
/* End PBXContainerItemProxy section */

/* Begin PBXFileReference section */
		F203A6D91ACA3D3800D77774 /* coffeParse.app */ = {isa = PBXFileReference; explicitFileType = wrapper.application; includeInIndex = 0; path = coffeParse.app; sourceTree = BUILT_PRODUCTS_DIR; };
		F203A6DD1ACA3D3800D77774 /* Info.plist */ = {isa = PBXFileReference; lastKnownFileType = text.plist.xml; path = Info.plist; sourceTree = "<group>"; };
		F203A6DE1ACA3D3800D77774 /* main.m */ = {isa = PBXFileReference; lastKnownFileType = sourcecode.c.objc; path = main.m; sourceTree = "<group>"; };
		F203A6E01ACA3D3800D77774 /* AppDelegate.h */ = {isa = PBXFileReference; lastKnownFileType = sourcecode.c.h; path = AppDelegate.h; sourceTree = "<group>"; };
		F203A6E11ACA3D3800D77774 /* AppDelegate.m */ = {isa = PBXFileReference; lastKnownFileType = sourcecode.c.objc; path = AppDelegate.m; sourceTree = "<group>"; };
		F203A6E31ACA3D3800D77774 /* ViewController.h */ = {isa = PBXFileReference; lastKnownFileType = sourcecode.c.h; path = ViewController.h; sourceTree = "<group>"; };
		F203A6E41ACA3D3800D77774 /* ViewController.m */ = {isa = PBXFileReference; lastKnownFileType = sourcecode.c.objc; path = ViewController.m; sourceTree = "<group>"; };
		F203A6E71ACA3D3800D77774 /* Base */ = {isa = PBXFileReference; lastKnownFileType = file.storyboard; name = Base; path = Base.lproj/Main.storyboard; sourceTree = "<group>"; };
		F203A6E91ACA3D3800D77774 /* Images.xcassets */ = {isa = PBXFileReference; lastKnownFileType = folder.assetcatalog; path = Images.xcassets; sourceTree = "<group>"; };
		F203A6EC1ACA3D3800D77774 /* Base */ = {isa = PBXFileReference; lastKnownFileType = file.xib; name = Base; path = Base.lproj/LaunchScreen.xib; sourceTree = "<group>"; };
		F203A6F21ACA3D3800D77774 /* coffeParseTests.xctest */ = {isa = PBXFileReference; explicitFileType = wrapper.cfbundle; includeInIndex = 0; path = coffeParseTests.xctest; sourceTree = BUILT_PRODUCTS_DIR; };
		F203A6F71ACA3D3800D77774 /* Info.plist */ = {isa = PBXFileReference; lastKnownFileType = text.plist.xml; path = Info.plist; sourceTree = "<group>"; };
		F203A6F81ACA3D3800D77774 /* coffeParseTests.m */ = {isa = PBXFileReference; lastKnownFileType = sourcecode.c.objc; path = coffeParseTests.m; sourceTree = "<group>"; };
		F203A7031ACA3D9500D77774 /* Bolts.framework */ = {isa = PBXFileReference; lastKnownFileType = wrapper.framework; path = Bolts.framework; sourceTree = "<group>"; };
		F203A7041ACA3D9500D77774 /* Parse.framework */ = {isa = PBXFileReference; lastKnownFileType = wrapper.framework; path = Parse.framework; sourceTree = "<group>"; };
		F203A7051ACA3D9500D77774 /* ParseCrashReporting.framework */ = {isa = PBXFileReference; lastKnownFileType = wrapper.framework; path = ParseCrashReporting.framework; sourceTree = "<group>"; };
		F203A7061ACA3D9500D77774 /* ParseFacebookUtils.framework */ = {isa = PBXFileReference; lastKnownFileType = wrapper.framework; path = ParseFacebookUtils.framework; sourceTree = "<group>"; };
		F203A7071ACA3D9500D77774 /* ParseFacebookUtilsV4.framework */ = {isa = PBXFileReference; lastKnownFileType = wrapper.framework; path = ParseFacebookUtilsV4.framework; sourceTree = "<group>"; };
		F203A7081ACA3D9500D77774 /* ParseUI.framework */ = {isa = PBXFileReference; lastKnownFileType = wrapper.framework; path = ParseUI.framework; sourceTree = "<group>"; };
		F203A70F1ACA3DD200D77774 /* AudioToolbox.framework */ = {isa = PBXFileReference; lastKnownFileType = wrapper.framework; name = AudioToolbox.framework; path = System/Library/Frameworks/AudioToolbox.framework; sourceTree = SDKROOT; };
		F203A7111ACA3DDD00D77774 /* CFNetwork.framework */ = {isa = PBXFileReference; lastKnownFileType = wrapper.framework; name = CFNetwork.framework; path = System/Library/Frameworks/CFNetwork.framework; sourceTree = SDKROOT; };
		F203A7131ACA3DE800D77774 /* CoreGraphics.framework */ = {isa = PBXFileReference; lastKnownFileType = wrapper.framework; name = CoreGraphics.framework; path = System/Library/Frameworks/CoreGraphics.framework; sourceTree = SDKROOT; };
		F203A7151ACA3DF300D77774 /* CoreLocation.framework */ = {isa = PBXFileReference; lastKnownFileType = wrapper.framework; name = CoreLocation.framework; path = System/Library/Frameworks/CoreLocation.framework; sourceTree = SDKROOT; };
		F203A7171ACA3DFD00D77774 /* MobileCoreServices.framework */ = {isa = PBXFileReference; lastKnownFileType = wrapper.framework; name = MobileCoreServices.framework; path = System/Library/Frameworks/MobileCoreServices.framework; sourceTree = SDKROOT; };
		F203A7191ACA3E0700D77774 /* QuartzCore.framework */ = {isa = PBXFileReference; lastKnownFileType = wrapper.framework; name = QuartzCore.framework; path = System/Library/Frameworks/QuartzCore.framework; sourceTree = SDKROOT; };
		F203A71B1ACA3E1000D77774 /* Security.framework */ = {isa = PBXFileReference; lastKnownFileType = wrapper.framework; name = Security.framework; path = System/Library/Frameworks/Security.framework; sourceTree = SDKROOT; };
		F203A71D1ACA3E1B00D77774 /* StoreKit.framework */ = {isa = PBXFileReference; lastKnownFileType = wrapper.framework; name = StoreKit.framework; path = System/Library/Frameworks/StoreKit.framework; sourceTree = SDKROOT; };
		F203A71F1ACA3E2600D77774 /* SystemConfiguration.framework */ = {isa = PBXFileReference; lastKnownFileType = wrapper.framework; name = SystemConfiguration.framework; path = System/Library/Frameworks/SystemConfiguration.framework; sourceTree = SDKROOT; };
		F203A7211ACA3E3000D77774 /* libz.dylib */ = {isa = PBXFileReference; lastKnownFileType = "compiled.mach-o.dylib"; name = libz.dylib; path = usr/lib/libz.dylib; sourceTree = SDKROOT; };
		F203A7231ACA3E3C00D77774 /* libsqlite3.dylib */ = {isa = PBXFileReference; lastKnownFileType = "compiled.mach-o.dylib"; name = libsqlite3.dylib; path = usr/lib/libsqlite3.dylib; sourceTree = SDKROOT; };
		F203A7251ACA499A00D77774 /* Tabla.h */ = {isa = PBXFileReference; fileEncoding = 4; lastKnownFileType = sourcecode.c.h; path = Tabla.h; sourceTree = "<group>"; };
		F203A7261ACA499A00D77774 /* Tabla.m */ = {isa = PBXFileReference; fileEncoding = 4; lastKnownFileType = sourcecode.c.objc; path = Tabla.m; sourceTree = "<group>"; };
		F203A7281ACA4F5200D77774 /* panaderiaCell.h */ = {isa = PBXFileReference; fileEncoding = 4; lastKnownFileType = sourcecode.c.h; path = panaderiaCell.h; sourceTree = "<group>"; };
		F203A7291ACA4F5200D77774 /* panaderiaCell.m */ = {isa = PBXFileReference; fileEncoding = 4; lastKnownFileType = sourcecode.c.objc; path = panaderiaCell.m; sourceTree = "<group>"; };
/* End PBXFileReference section */

/* Begin PBXFrameworksBuildPhase section */
		F203A6D61ACA3D3800D77774 /* Frameworks */ = {
			isa = PBXFrameworksBuildPhase;
			buildActionMask = 2147483647;
			files = (
				F203A7241ACA3E3C00D77774 /* libsqlite3.dylib in Frameworks */,
				F203A7221ACA3E3000D77774 /* libz.dylib in Frameworks */,
				F203A7201ACA3E2600D77774 /* SystemConfiguration.framework in Frameworks */,
				F203A71E1ACA3E1B00D77774 /* StoreKit.framework in Frameworks */,
				F203A71C1ACA3E1000D77774 /* Security.framework in Frameworks */,
				F203A71A1ACA3E0700D77774 /* QuartzCore.framework in Frameworks */,
				F203A7181ACA3DFD00D77774 /* MobileCoreServices.framework in Frameworks */,
				F203A7161ACA3DF300D77774 /* CoreLocation.framework in Frameworks */,
				F203A7141ACA3DE800D77774 /* CoreGraphics.framework in Frameworks */,
				F203A7121ACA3DDD00D77774 /* CFNetwork.framework in Frameworks */,
				F203A7101ACA3DD200D77774 /* AudioToolbox.framework in Frameworks */,
				F203A70E1ACA3D9500D77774 /* ParseUI.framework in Frameworks */,
				F203A70A1ACA3D9500D77774 /* Parse.framework in Frameworks */,
				F203A70B1ACA3D9500D77774 /* ParseCrashReporting.framework in Frameworks */,
				F203A70C1ACA3D9500D77774 /* ParseFacebookUtils.framework in Frameworks */,
				F203A7091ACA3D9500D77774 /* Bolts.framework in Frameworks */,
				F203A70D1ACA3D9500D77774 /* ParseFacebookUtilsV4.framework in Frameworks */,
			);
			runOnlyForDeploymentPostprocessing = 0;
		};
		F203A6EF1ACA3D3800D77774 /* Frameworks */ = {
			isa = PBXFrameworksBuildPhase;
			buildActionMask = 2147483647;
			files = (
			);
			runOnlyForDeploymentPostprocessing = 0;
		};
/* End PBXFrameworksBuildPhase section */

/* Begin PBXGroup section */
		F203A6D01ACA3D3800D77774 = {
			isa = PBXGroup;
			children = (
				F203A6DB1ACA3D3800D77774 /* coffeParse */,
				F203A6F51ACA3D3800D77774 /* coffeParseTests */,
				F203A6DA1ACA3D3800D77774 /* Products */,
			);
			sourceTree = "<group>";
		};
		F203A6DA1ACA3D3800D77774 /* Products */ = {
			isa = PBXGroup;
			children = (
				F203A6D91ACA3D3800D77774 /* coffeParse.app */,
				F203A6F21ACA3D3800D77774 /* coffeParseTests.xctest */,
			);
			name = Products;
			sourceTree = "<group>";
		};
		F203A6DB1ACA3D3800D77774 /* coffeParse */ = {
			isa = PBXGroup;
			children = (
				F203A7021ACA3D8200D77774 /* Frameworks */,
				F203A6E01ACA3D3800D77774 /* AppDelegate.h */,
				F203A6E11ACA3D3800D77774 /* AppDelegate.m */,
				F203A6E31ACA3D3800D77774 /* ViewController.h */,
				F203A6E41ACA3D3800D77774 /* ViewController.m */,
				F203A7251ACA499A00D77774 /* Tabla.h */,
				F203A7261ACA499A00D77774 /* Tabla.m */,
				F203A6E61ACA3D3800D77774 /* Main.storyboard */,
				F203A6E91ACA3D3800D77774 /* Images.xcassets */,
				F203A6EB1ACA3D3800D77774 /* LaunchScreen.xib */,
				F203A6DC1ACA3D3800D77774 /* Supporting Files */,
				F203A7281ACA4F5200D77774 /* panaderiaCell.h */,
				F203A7291ACA4F5200D77774 /* panaderiaCell.m */,
			);
			path = coffeParse;
			sourceTree = "<group>";
		};
		F203A6DC1ACA3D3800D77774 /* Supporting Files */ = {
			isa = PBXGroup;
			children = (
				F203A6DD1ACA3D3800D77774 /* Info.plist */,
				F203A6DE1ACA3D3800D77774 /* main.m */,
			);
			name = "Supporting Files";
			sourceTree = "<group>";
		};
		F203A6F51ACA3D3800D77774 /* coffeParseTests */ = {
			isa = PBXGroup;
			children = (
				F203A6F81ACA3D3800D77774 /* coffeParseTests.m */,
				F203A6F61ACA3D3800D77774 /* Supporting Files */,
			);
			path = coffeParseTests;
			sourceTree = "<group>";
		};
		F203A6F61ACA3D3800D77774 /* Supporting Files */ = {
			isa = PBXGroup;
			children = (
				F203A6F71ACA3D3800D77774 /* Info.plist */,
			);
			name = "Supporting Files";
			sourceTree = "<group>";
		};
		F203A7021ACA3D8200D77774 /* Frameworks */ = {
			isa = PBXGroup;
			children = (
				F203A7231ACA3E3C00D77774 /* libsqlite3.dylib */,
				F203A7211ACA3E3000D77774 /* libz.dylib */,
				F203A71F1ACA3E2600D77774 /* SystemConfiguration.framework */,
				F203A71D1ACA3E1B00D77774 /* StoreKit.framework */,
				F203A71B1ACA3E1000D77774 /* Security.framework */,
				F203A7191ACA3E0700D77774 /* QuartzCore.framework */,
				F203A7171ACA3DFD00D77774 /* MobileCoreServices.framework */,
				F203A7151ACA3DF300D77774 /* CoreLocation.framework */,
				F203A7131ACA3DE800D77774 /* CoreGraphics.framework */,
				F203A7111ACA3DDD00D77774 /* CFNetwork.framework */,
				F203A70F1ACA3DD200D77774 /* AudioToolbox.framework */,
				F203A7031ACA3D9500D77774 /* Bolts.framework */,
				F203A7041ACA3D9500D77774 /* Parse.framework */,
				F203A7051ACA3D9500D77774 /* ParseCrashReporting.framework */,
				F203A7061ACA3D9500D77774 /* ParseFacebookUtils.framework */,
				F203A7071ACA3D9500D77774 /* ParseFacebookUtilsV4.framework */,
				F203A7081ACA3D9500D77774 /* ParseUI.framework */,
			);
			name = Frameworks;
			sourceTree = "<group>";
		};
/* End PBXGroup section */

/* Begin PBXNativeTarget section */
		F203A6D81ACA3D3800D77774 /* coffeParse */ = {
			isa = PBXNativeTarget;
			buildConfigurationList = F203A6FC1ACA3D3800D77774 /* Build configuration list for PBXNativeTarget "coffeParse" */;
			buildPhases = (
				F203A6D51ACA3D3800D77774 /* Sources */,
				F203A6D61ACA3D3800D77774 /* Frameworks */,
				F203A6D71ACA3D3800D77774 /* Resources */,
			);
			buildRules = (
			);
			dependencies = (
			);
			name = coffeParse;
			productName = coffeParse;
			productReference = F203A6D91ACA3D3800D77774 /* coffeParse.app */;
			productType = "com.apple.product-type.application";
		};
		F203A6F11ACA3D3800D77774 /* coffeParseTests */ = {
			isa = PBXNativeTarget;
			buildConfigurationList = F203A6FF1ACA3D3800D77774 /* Build configuration list for PBXNativeTarget "coffeParseTests" */;
			buildPhases = (
				F203A6EE1ACA3D3800D77774 /* Sources */,
				F203A6EF1ACA3D3800D77774 /* Frameworks */,
				F203A6F01ACA3D3800D77774 /* Resources */,
			);
			buildRules = (
			);
			dependencies = (
				F203A6F41ACA3D3800D77774 /* PBXTargetDependency */,
			);
			name = coffeParseTests;
			productName = coffeParseTests;
			productReference = F203A6F21ACA3D3800D77774 /* coffeParseTests.xctest */;
			productType = "com.apple.product-type.bundle.unit-test";
		};
/* End PBXNativeTarget section */

/* Begin PBXProject section */
		F203A6D11ACA3D3800D77774 /* Project object */ = {
			isa = PBXProject;
			attributes = {
				LastUpgradeCheck = 0620;
				ORGANIZATIONNAME = "Galileo Guzman";
				TargetAttributes = {
					F203A6D81ACA3D3800D77774 = {
						CreatedOnToolsVersion = 6.2;
					};
					F203A6F11ACA3D3800D77774 = {
						CreatedOnToolsVersion = 6.2;
						TestTargetID = F203A6D81ACA3D3800D77774;
					};
				};
			};
			buildConfigurationList = F203A6D41ACA3D3800D77774 /* Build configuration list for PBXProject "coffeParse" */;
			compatibilityVersion = "Xcode 3.2";
			developmentRegion = English;
			hasScannedForEncodings = 0;
			knownRegions = (
				en,
				Base,
			);
			mainGroup = F203A6D01ACA3D3800D77774;
			productRefGroup = F203A6DA1ACA3D3800D77774 /* Products */;
			projectDirPath = "";
			projectRoot = "";
			targets = (
				F203A6D81ACA3D3800D77774 /* coffeParse */,
				F203A6F11ACA3D3800D77774 /* coffeParseTests */,
			);
		};
/* End PBXProject section */

/* Begin PBXResourcesBuildPhase section */
		F203A6D71ACA3D3800D77774 /* Resources */ = {
			isa = PBXResourcesBuildPhase;
			buildActionMask = 2147483647;
			files = (
				F203A6E81ACA3D3800D77774 /* Main.storyboard in Resources */,
				F203A6ED1ACA3D3800D77774 /* LaunchScreen.xib in Resources */,
				F203A6EA1ACA3D3800D77774 /* Images.xcassets in Resources */,
			);
			runOnlyForDeploymentPostprocessing = 0;
		};
		F203A6F01ACA3D3800D77774 /* Resources */ = {
			isa = PBXResourcesBuildPhase;
			buildActionMask = 2147483647;
			files = (
			);
			runOnlyForDeploymentPostprocessing = 0;
		};
/* End PBXResourcesBuildPhase section */

/* Begin PBXSourcesBuildPhase section */
		F203A6D51ACA3D3800D77774 /* Sources */ = {
			isa = PBXSourcesBuildPhase;
			buildActionMask = 2147483647;
			files = (
				F203A6E51ACA3D3800D77774 /* ViewController.m in Sources */,
				F203A6E21ACA3D3800D77774 /* AppDelegate.m in Sources */,
				F203A72A1ACA4F5200D77774 /* panaderiaCell.m in Sources */,
				F203A7271ACA499A00D77774 /* Tabla.m in Sources */,
				F203A6DF1ACA3D3800D77774 /* main.m in Sources */,
			);
			runOnlyForDeploymentPostprocessing = 0;
		};
		F203A6EE1ACA3D3800D77774 /* Sources */ = {
			isa = PBXSourcesBuildPhase;
			buildActionMask = 2147483647;
			files = (
				F203A6F91ACA3D3800D77774 /* coffeParseTests.m in Sources */,
			);
			runOnlyForDeploymentPostprocessing = 0;
		};
/* End PBXSourcesBuildPhase section */

/* Begin PBXTargetDependency section */
		F203A6F41ACA3D3800D77774 /* PBXTargetDependency */ = {
			isa = PBXTargetDependency;
			target = F203A6D81ACA3D3800D77774 /* coffeParse */;
			targetProxy = F203A6F31ACA3D3800D77774 /* PBXContainerItemProxy */;
		};
/* End PBXTargetDependency section */

/* Begin PBXVariantGroup section */
		F203A6E61ACA3D3800D77774 /* Main.storyboard */ = {
			isa = PBXVariantGroup;
			children = (
				F203A6E71ACA3D3800D77774 /* Base */,
			);
			name = Main.storyboard;
			sourceTree = "<group>";
		};
		F203A6EB1ACA3D3800D77774 /* LaunchScreen.xib */ = {
			isa = PBXVariantGroup;
			children = (
				F203A6EC1ACA3D3800D77774 /* Base */,
			);
			name = LaunchScreen.xib;
			sourceTree = "<group>";
		};
/* End PBXVariantGroup section */

/* Begin XCBuildConfiguration section */
		F203A6FA1ACA3D3800D77774 /* Debug */ = {
			isa = XCBuildConfiguration;
			buildSettings = {
				ALWAYS_SEARCH_USER_PATHS = NO;
				CLANG_CXX_LANGUAGE_STANDARD = "gnu++0x";
				CLANG_CXX_LIBRARY = "libc++";
				CLANG_ENABLE_MODULES = YES;
				CLANG_ENABLE_OBJC_ARC = YES;
				CLANG_WARN_BOOL_CONVERSION = YES;
				CLANG_WARN_CONSTANT_CONVERSION = YES;
				CLANG_WARN_DIRECT_OBJC_ISA_USAGE = YES_ERROR;
				CLANG_WARN_EMPTY_BODY = YES;
				CLANG_WARN_ENUM_CONVERSION = YES;
				CLANG_WARN_INT_CONVERSION = YES;
				CLANG_WARN_OBJC_ROOT_CLASS = YES_ERROR;
				CLANG_WARN_UNREACHABLE_CODE = YES;
				CLANG_WARN__DUPLICATE_METHOD_MATCH = YES;
				"CODE_SIGN_IDENTITY[sdk=iphoneos*]" = "iPhone Developer";
				COPY_PHASE_STRIP = NO;
				ENABLE_STRICT_OBJC_MSGSEND = YES;
				GCC_C_LANGUAGE_STANDARD = gnu99;
				GCC_DYNAMIC_NO_PIC = NO;
				GCC_OPTIMIZATION_LEVEL = 0;
				GCC_PREPROCESSOR_DEFINITIONS = (
					"DEBUG=1",
					"$(inherited)",
				);
				GCC_SYMBOLS_PRIVATE_EXTERN = NO;
				GCC_WARN_64_TO_32_BIT_CONVERSION = YES;
				GCC_WARN_ABOUT_RETURN_TYPE = YES_ERROR;
				GCC_WARN_UNDECLARED_SELECTOR = YES;
				GCC_WARN_UNINITIALIZED_AUTOS = YES_AGGRESSIVE;
				GCC_WARN_UNUSED_FUNCTION = YES;
				GCC_WARN_UNUSED_VARIABLE = YES;
				IPHONEOS_DEPLOYMENT_TARGET = 8.2;
				MTL_ENABLE_DEBUG_INFO = YES;
				ONLY_ACTIVE_ARCH = YES;
				SDKROOT = iphoneos;
			};
			name = Debug;
		};
		F203A6FB1ACA3D3800D77774 /* Release */ = {
			isa = XCBuildConfiguration;
			buildSettings = {
				ALWAYS_SEARCH_USER_PATHS = NO;
				CLANG_CXX_LANGUAGE_STANDARD = "gnu++0x";
				CLANG_CXX_LIBRARY = "libc++";
				CLANG_ENABLE_MODULES = YES;
				CLANG_ENABLE_OBJC_ARC = YES;
				CLANG_WARN_BOOL_CONVERSION = YES;
				CLANG_WARN_CONSTANT_CONVERSION = YES;
				CLANG_WARN_DIRECT_OBJC_ISA_USAGE = YES_ERROR;
				CLANG_WARN_EMPTY_BODY = YES;
				CLANG_WARN_ENUM_CONVERSION = YES;
				CLANG_WARN_INT_CONVERSION = YES;
				CLANG_WARN_OBJC_ROOT_CLASS = YES_ERROR;
				CLANG_WARN_UNREACHABLE_CODE = YES;
				CLANG_WARN__DUPLICATE_METHOD_MATCH = YES;
				"CODE_SIGN_IDENTITY[sdk=iphoneos*]" = "iPhone Developer";
				COPY_PHASE_STRIP = NO;
				ENABLE_NS_ASSERTIONS = NO;
				ENABLE_STRICT_OBJC_MSGSEND = YES;
				GCC_C_LANGUAGE_STANDARD = gnu99;
				GCC_WARN_64_TO_32_BIT_CONVERSION = YES;
				GCC_WARN_ABOUT_RETURN_TYPE = YES_ERROR;
				GCC_WARN_UNDECLARED_SELECTOR = YES;
				GCC_WARN_UNINITIALIZED_AUTOS = YES_AGGRESSIVE;
				GCC_WARN_UNUSED_FUNCTION = YES;
				GCC_WARN_UNUSED_VARIABLE = YES;
				IPHONEOS_DEPLOYMENT_TARGET = 8.2;
				MTL_ENABLE_DEBUG_INFO = NO;
				SDKROOT = iphoneos;
				VALIDATE_PRODUCT = YES;
			};
			name = Release;
		};
		F203A6FD1ACA3D3800D77774 /* Debug */ = {
			isa = XCBuildConfiguration;
			buildSettings = {
				ASSETCATALOG_COMPILER_APPICON_NAME = AppIcon;
				FRAMEWORK_SEARCH_PATHS = (
					"$(inherited)",
					"$(PROJECT_DIR)/coffeParse",
				);
				INFOPLIST_FILE = coffeParse/Info.plist;
				LD_RUNPATH_SEARCH_PATHS = "$(inherited) @executable_path/Frameworks";
				PRODUCT_NAME = "$(TARGET_NAME)";
			};
			name = Debug;
		};
		F203A6FE1ACA3D3800D77774 /* Release */ = {
			isa = XCBuildConfiguration;
			buildSettings = {
				ASSETCATALOG_COMPILER_APPICON_NAME = AppIcon;
				FRAMEWORK_SEARCH_PATHS = (
					"$(inherited)",
					"$(PROJECT_DIR)/coffeParse",
				);
				INFOPLIST_FILE = coffeParse/Info.plist;
				LD_RUNPATH_SEARCH_PATHS = "$(inherited) @executable_path/Frameworks";
				PRODUCT_NAME = "$(TARGET_NAME)";
			};
			name = Release;
		};
		F203A7001ACA3D3800D77774 /* Debug */ = {
			isa = XCBuildConfiguration;
			buildSettings = {
				BUNDLE_LOADER = "$(TEST_HOST)";
				FRAMEWORK_SEARCH_PATHS = (
					"$(SDKROOT)/Developer/Library/Frameworks",
					"$(inherited)",
				);
				GCC_PREPROCESSOR_DEFINITIONS = (
					"DEBUG=1",
					"$(inherited)",
				);
				INFOPLIST_FILE = coffeParseTests/Info.plist;
				LD_RUNPATH_SEARCH_PATHS = "$(inherited) @executable_path/Frameworks @loader_path/Frameworks";
				PRODUCT_NAME = "$(TARGET_NAME)";
				TEST_HOST = "$(BUILT_PRODUCTS_DIR)/coffeParse.app/coffeParse";
			};
			name = Debug;
		};
		F203A7011ACA3D3800D77774 /* Release */ = {
			isa = XCBuildConfiguration;
			buildSettings = {
				BUNDLE_LOADER = "$(TEST_HOST)";
				FRAMEWORK_SEARCH_PATHS = (
					"$(SDKROOT)/Developer/Library/Frameworks",
					"$(inherited)",
				);
				INFOPLIST_FILE = coffeParseTests/Info.plist;
				LD_RUNPATH_SEARCH_PATHS = "$(inherited) @executable_path/Frameworks @loader_path/Frameworks";
				PRODUCT_NAME = "$(TARGET_NAME)";
				TEST_HOST = "$(BUILT_PRODUCTS_DIR)/coffeParse.app/coffeParse";
			};
			name = Release;
		};
/* End XCBuildConfiguration section */

/* Begin XCConfigurationList section */
		F203A6D41ACA3D3800D77774 /* Build configuration list for PBXProject "coffeParse" */ = {
			isa = XCConfigurationList;
			buildConfigurations = (
				F203A6FA1ACA3D3800D77774 /* Debug */,
				F203A6FB1ACA3D3800D77774 /* Release */,
			);
			defaultConfigurationIsVisible = 0;
			defaultConfigurationName = Release;
		};
		F203A6FC1ACA3D3800D77774 /* Build configuration list for PBXNativeTarget "coffeParse" */ = {
			isa = XCConfigurationList;
			buildConfigurations = (
				F203A6FD1ACA3D3800D77774 /* Debug */,
				F203A6FE1ACA3D3800D77774 /* Release */,
			);
			defaultConfigurationIsVisible = 0;
		};
		F203A6FF1ACA3D3800D77774 /* Build configuration list for PBXNativeTarget "coffeParseTests" */ = {
			isa = XCConfigurationList;
			buildConfigurations = (
				F203A7001ACA3D3800D77774 /* Debug */,
				F203A7011ACA3D3800D77774 /* Release */,
			);
			defaultConfigurationIsVisible = 0;
		};
/* End XCConfigurationList section */
	};
	rootObject = F203A6D11ACA3D3800D77774 /* Project object */;
}
